// !$*UTF8*$!
{
	archiveVersion = 1;
	classes = {
	};
	objectVersion = 56;
	objects = {

/* Begin PBXBuildFile section */
		9B5512B82991720B00ED8E78 /* UsuarioViewController.swift in Sources */ = {isa = PBXBuildFile; fileRef = 9B5512B72991720B00ED8E78 /* UsuarioViewController.swift */; };
		9B670ED229900B2B0024A332 /* Food.swift in Sources */ = {isa = PBXBuildFile; fileRef = 9B670ED129900B2B0024A332 /* Food.swift */; };
		9B670ED429900C2D0024A332 /* FoodListSingleton.swift in Sources */ = {isa = PBXBuildFile; fileRef = 9B670ED329900C2D0024A332 /* FoodListSingleton.swift */; };
		9B670ED62990159C0024A332 /* FoodTableViewCell.swift in Sources */ = {isa = PBXBuildFile; fileRef = 9B670ED52990159C0024A332 /* FoodTableViewCell.swift */; };
		9B963AB4298C04D300054414 /* AppDelegate.swift in Sources */ = {isa = PBXBuildFile; fileRef = 9B963AB3298C04D300054414 /* AppDelegate.swift */; };
		9B963AB6298C04D300054414 /* SceneDelegate.swift in Sources */ = {isa = PBXBuildFile; fileRef = 9B963AB5298C04D300054414 /* SceneDelegate.swift */; };
		9B963AB8298C04D300054414 /* InicioViewController.swift in Sources */ = {isa = PBXBuildFile; fileRef = 9B963AB7298C04D300054414 /* InicioViewController.swift */; };
		9B963ABB298C04D300054414 /* Main.storyboard in Resources */ = {isa = PBXBuildFile; fileRef = 9B963AB9298C04D300054414 /* Main.storyboard */; };
		9B963AC0298C04D500054414 /* Assets.xcassets in Resources */ = {isa = PBXBuildFile; fileRef = 9B963ABF298C04D500054414 /* Assets.xcassets */; };
		9B963AC3298C04D500054414 /* LaunchScreen.storyboard in Resources */ = {isa = PBXBuildFile; fileRef = 9B963AC1298C04D500054414 /* LaunchScreen.storyboard */; };
		9B9D2E072990DE1200F6942F /* CarritoViewController.swift in Sources */ = {isa = PBXBuildFile; fileRef = 9B9D2E062990DE1200F6942F /* CarritoViewController.swift */; };
		9BB7738E2990CA9400FC7583 /* CartFoodViewCell.swift in Sources */ = {isa = PBXBuildFile; fileRef = 9BB7738D2990CA9400FC7583 /* CartFoodViewCell.swift */; };
/* End PBXBuildFile section */

/* Begin PBXFileReference section */
		9B5512B72991720B00ED8E78 /* UsuarioViewController.swift */ = {isa = PBXFileReference; lastKnownFileType = sourcecode.swift; path = UsuarioViewController.swift; sourceTree = "<group>"; };
		9B670ED129900B2B0024A332 /* Food.swift */ = {isa = PBXFileReference; lastKnownFileType = sourcecode.swift; path = Food.swift; sourceTree = "<group>"; };
		9B670ED329900C2D0024A332 /* FoodListSingleton.swift */ = {isa = PBXFileReference; lastKnownFileType = sourcecode.swift; path = FoodListSingleton.swift; sourceTree = "<group>"; };
		9B670ED52990159C0024A332 /* FoodTableViewCell.swift */ = {isa = PBXFileReference; lastKnownFileType = sourcecode.swift; path = FoodTableViewCell.swift; sourceTree = "<group>"; };
		9B963AB0298C04D300054414 /* FastFruitIOS.app */ = {isa = PBXFileReference; explicitFileType = wrapper.application; includeInIndex = 0; path = FastFruitIOS.app; sourceTree = BUILT_PRODUCTS_DIR; };
		9B963AB3298C04D300054414 /* AppDelegate.swift */ = {isa = PBXFileReference; lastKnownFileType = sourcecode.swift; path = AppDelegate.swift; sourceTree = "<group>"; };
		9B963AB5298C04D300054414 /* SceneDelegate.swift */ = {isa = PBXFileReference; lastKnownFileType = sourcecode.swift; path = SceneDelegate.swift; sourceTree = "<group>"; };
		9B963AB7298C04D300054414 /* InicioViewController.swift */ = {isa = PBXFileReference; lastKnownFileType = sourcecode.swift; path = InicioViewController.swift; sourceTree = "<group>"; };
		9B963ABA298C04D300054414 /* Base */ = {isa = PBXFileReference; lastKnownFileType = file.storyboard; name = Base; path = Base.lproj/Main.storyboard; sourceTree = "<group>"; };
		9B963ABF298C04D500054414 /* Assets.xcassets */ = {isa = PBXFileReference; lastKnownFileType = folder.assetcatalog; path = Assets.xcassets; sourceTree = "<group>"; };
		9B963AC2298C04D500054414 /* Base */ = {isa = PBXFileReference; lastKnownFileType = file.storyboard; name = Base; path = Base.lproj/LaunchScreen.storyboard; sourceTree = "<group>"; };
		9B963AC4298C04D500054414 /* Info.plist */ = {isa = PBXFileReference; lastKnownFileType = text.plist.xml; path = Info.plist; sourceTree = "<group>"; };
		9B963ACD298F56F200054414 /* okemo.ttf */ = {isa = PBXFileReference; lastKnownFileType = file; path = okemo.ttf; sourceTree = "<group>"; };
		9B963ACE298F56FB00054414 /* emmasophia.ttf */ = {isa = PBXFileReference; lastKnownFileType = file; path = emmasophia.ttf; sourceTree = "<group>"; };
		9B963ACF298F570200054414 /* semibold.ttf */ = {isa = PBXFileReference; lastKnownFileType = file; path = semibold.ttf; sourceTree = "<group>"; };
		9B9D2E062990DE1200F6942F /* CarritoViewController.swift */ = {isa = PBXFileReference; lastKnownFileType = sourcecode.swift; path = CarritoViewController.swift; sourceTree = "<group>"; };
		9BB7738D2990CA9400FC7583 /* CartFoodViewCell.swift */ = {isa = PBXFileReference; lastKnownFileType = sourcecode.swift; path = CartFoodViewCell.swift; sourceTree = "<group>"; };
/* End PBXFileReference section */

/* Begin PBXFrameworksBuildPhase section */
		9B963AAD298C04D300054414 /* Frameworks */ = {
			isa = PBXFrameworksBuildPhase;
			buildActionMask = 2147483647;
			files = (
			);
			runOnlyForDeploymentPostprocessing = 0;
		};
/* End PBXFrameworksBuildPhase section */

/* Begin PBXGroup section */
		9B963AA7298C04D300054414 = {
			isa = PBXGroup;
			children = (
				9B963AB2298C04D300054414 /* FastFruitIOS */,
				9B963AB1298C04D300054414 /* Products */,
			);
			sourceTree = "<group>";
		};
		9B963AB1298C04D300054414 /* Products */ = {
			isa = PBXGroup;
			children = (
				9B963AB0298C04D300054414 /* FastFruitIOS.app */,
			);
			name = Products;
			sourceTree = "<group>";
		};
		9B963AB2298C04D300054414 /* FastFruitIOS */ = {
			isa = PBXGroup;
			children = (
				9B963ACC298F56DB00054414 /* Fonts */,
				9B963AB3298C04D300054414 /* AppDelegate.swift */,
				9B963AB5298C04D300054414 /* SceneDelegate.swift */,
				9B963AB7298C04D300054414 /* InicioViewController.swift */,
				9B963AB9298C04D300054414 /* Main.storyboard */,
				9B963ABF298C04D500054414 /* Assets.xcassets */,
				9B963AC1298C04D500054414 /* LaunchScreen.storyboard */,
				9B963AC4298C04D500054414 /* Info.plist */,
				9B670ED129900B2B0024A332 /* Food.swift */,
				9B670ED329900C2D0024A332 /* FoodListSingleton.swift */,
				9B670ED52990159C0024A332 /* FoodTableViewCell.swift */,
				9BB7738D2990CA9400FC7583 /* CartFoodViewCell.swift */,
				9B9D2E062990DE1200F6942F /* CarritoViewController.swift */,
				9B5512B72991720B00ED8E78 /* UsuarioViewController.swift */,
			);
			path = FastFruitIOS;
			sourceTree = "<group>";
		};
		9B963ACC298F56DB00054414 /* Fonts */ = {
			isa = PBXGroup;
			children = (
				9B963ACF298F570200054414 /* semibold.ttf */,
				9B963ACE298F56FB00054414 /* emmasophia.ttf */,
				9B963ACD298F56F200054414 /* okemo.ttf */,
			);
			path = Fonts;
			sourceTree = "<group>";
		};
/* End PBXGroup section */

/* Begin PBXNativeTarget section */
		9B963AAF298C04D300054414 /* FastFruitIOS */ = {
			isa = PBXNativeTarget;
			buildConfigurationList = 9B963AC7298C04D500054414 /* Build configuration list for PBXNativeTarget "FastFruitIOS" */;
			buildPhases = (
				9B963AAC298C04D300054414 /* Sources */,
				9B963AAD298C04D300054414 /* Frameworks */,
				9B963AAE298C04D300054414 /* Resources */,
			);
			buildRules = (
			);
			dependencies = (
			);
			name = FastFruitIOS;
			productName = FastFruitIOS;
			productReference = 9B963AB0298C04D300054414 /* FastFruitIOS.app */;
			productType = "com.apple.product-type.application";
		};
/* End PBXNativeTarget section */

/* Begin PBXProject section */
		9B963AA8298C04D300054414 /* Project object */ = {
			isa = PBXProject;
			attributes = {
				BuildIndependentTargetsInParallel = 1;
				LastSwiftUpdateCheck = 1400;
				LastUpgradeCheck = 1400;
				TargetAttributes = {
					9B963AAF298C04D300054414 = {
						CreatedOnToolsVersion = 14.0;
					};
				};
			};
			buildConfigurationList = 9B963AAB298C04D300054414 /* Build configuration list for PBXProject "FastFruitIOS" */;
			compatibilityVersion = "Xcode 14.0";
			developmentRegion = en;
			hasScannedForEncodings = 0;
			knownRegions = (
				en,
				Base,
			);
			mainGroup = 9B963AA7298C04D300054414;
			productRefGroup = 9B963AB1298C04D300054414 /* Products */;
			projectDirPath = "";
			projectRoot = "";
			targets = (
				9B963AAF298C04D300054414 /* FastFruitIOS */,
			);
		};
/* End PBXProject section */

/* Begin PBXResourcesBuildPhase section */
		9B963AAE298C04D300054414 /* Resources */ = {
			isa = PBXResourcesBuildPhase;
			buildActionMask = 2147483647;
			files = (
				9B963AC3298C04D500054414 /* LaunchScreen.storyboard in Resources */,
				9B963AC0298C04D500054414 /* Assets.xcassets in Resources */,
				9B963ABB298C04D300054414 /* Main.storyboard in Resources */,
			);
			runOnlyForDeploymentPostprocessing = 0;
		};
/* End PBXResourcesBuildPhase section */

/* Begin PBXSourcesBuildPhase section */
		9B963AAC298C04D300054414 /* Sources */ = {
			isa = PBXSourcesBuildPhase;
			buildActionMask = 2147483647;
			files = (
				9B963AB8298C04D300054414 /* InicioViewController.swift in Sources */,
				9B9D2E072990DE1200F6942F /* CarritoViewController.swift in Sources */,
				9B5512B82991720B00ED8E78 /* UsuarioViewController.swift in Sources */,
				9BB7738E2990CA9400FC7583 /* CartFoodViewCell.swift in Sources */,
				9B670ED229900B2B0024A332 /* Food.swift in Sources */,
				9B963AB4298C04D300054414 /* AppDelegate.swift in Sources */,
				9B670ED429900C2D0024A332 /* FoodListSingleton.swift in Sources */,
				9B963AB6298C04D300054414 /* SceneDelegate.swift in Sources */,
				9B670ED62990159C0024A332 /* FoodTableViewCell.swift in Sources */,
			);
			runOnlyForDeploymentPostprocessing = 0;
		};
/* End PBXSourcesBuildPhase section */

/* Begin PBXVariantGroup section */
		9B963AB9298C04D300054414 /* Main.storyboard */ = {
			isa = PBXVariantGroup;
			children = (
				9B963ABA298C04D300054414 /* Base */,
			);
			name = Main.storyboard;
			sourceTree = "<group>";
		};
		9B963AC1298C04D500054414 /* LaunchScreen.storyboard */ = {
			isa = PBXVariantGroup;
			children = (
				9B963AC2298C04D500054414 /* Base */,
			);
			name = LaunchScreen.storyboard;
			sourceTree = "<group>";
		};
/* End PBXVariantGroup section */

/* Begin XCBuildConfiguration section */
		9B963AC5298C04D500054414 /* Debug */ = {
			isa = XCBuildConfiguration;
			buildSettings = {
				ALWAYS_SEARCH_USER_PATHS = NO;
				CLANG_ANALYZER_NONNULL = YES;
				CLANG_ANALYZER_NUMBER_OBJECT_CONVERSION = YES_AGGRESSIVE;
				CLANG_CXX_LANGUAGE_STANDARD = "gnu++20";
				CLANG_ENABLE_MODULES = YES;
				CLANG_ENABLE_OBJC_ARC = YES;
				CLANG_ENABLE_OBJC_WEAK = YES;
				CLANG_WARN_BLOCK_CAPTURE_AUTORELEASING = YES;
				CLANG_WARN_BOOL_CONVERSION = YES;
				CLANG_WARN_COMMA = YES;
				CLANG_WARN_CONSTANT_CONVERSION = YES;
				CLANG_WARN_DEPRECATED_OBJC_IMPLEMENTATIONS = YES;
				CLANG_WARN_DIRECT_OBJC_ISA_USAGE = YES_ERROR;
				CLANG_WARN_DOCUMENTATION_COMMENTS = YES;
				CLANG_WARN_EMPTY_BODY = YES;
				CLANG_WARN_ENUM_CONVERSION = YES;
				CLANG_WARN_INFINITE_RECURSION = YES;
				CLANG_WARN_INT_CONVERSION = YES;
				CLANG_WARN_NON_LITERAL_NULL_CONVERSION = YES;
				CLANG_WARN_OBJC_IMPLICIT_RETAIN_SELF = YES;
				CLANG_WARN_OBJC_LITERAL_CONVERSION = YES;
				CLANG_WARN_OBJC_ROOT_CLASS = YES_ERROR;
				CLANG_WARN_QUOTED_INCLUDE_IN_FRAMEWORK_HEADER = YES;
				CLANG_WARN_RANGE_LOOP_ANALYSIS = YES;
				CLANG_WARN_STRICT_PROTOTYPES = YES;
				CLANG_WARN_SUSPICIOUS_MOVE = YES;
				CLANG_WARN_UNGUARDED_AVAILABILITY = YES_AGGRESSIVE;
				CLANG_WARN_UNREACHABLE_CODE = YES;
				CLANG_WARN__DUPLICATE_METHOD_MATCH = YES;
				COPY_PHASE_STRIP = NO;
				DEBUG_INFORMATION_FORMAT = dwarf;
				ENABLE_STRICT_OBJC_MSGSEND = YES;
				ENABLE_TESTABILITY = YES;
				GCC_C_LANGUAGE_STANDARD = gnu11;
				GCC_DYNAMIC_NO_PIC = NO;
				GCC_NO_COMMON_BLOCKS = YES;
				GCC_OPTIMIZATION_LEVEL = 0;
				GCC_PREPROCESSOR_DEFINITIONS = (
					"DEBUG=1",
					"$(inherited)",
				);
				GCC_WARN_64_TO_32_BIT_CONVERSION = YES;
				GCC_WARN_ABOUT_RETURN_TYPE = YES_ERROR;
				GCC_WARN_UNDECLARED_SELECTOR = YES;
				GCC_WARN_UNINITIALIZED_AUTOS = YES_AGGRESSIVE;
				GCC_WARN_UNUSED_FUNCTION = YES;
				GCC_WARN_UNUSED_VARIABLE = YES;
				IPHONEOS_DEPLOYMENT_TARGET = 16.0;
				MTL_ENABLE_DEBUG_INFO = INCLUDE_SOURCE;
				MTL_FAST_MATH = YES;
				ONLY_ACTIVE_ARCH = YES;
				SDKROOT = iphoneos;
				SWIFT_ACTIVE_COMPILATION_CONDITIONS = DEBUG;
				SWIFT_OPTIMIZATION_LEVEL = "-Onone";
			};
			name = Debug;
		};
		9B963AC6298C04D500054414 /* Release */ = {
			isa = XCBuildConfiguration;
			buildSettings = {
				ALWAYS_SEARCH_USER_PATHS = NO;
				CLANG_ANALYZER_NONNULL = YES;
				CLANG_ANALYZER_NUMBER_OBJECT_CONVERSION = YES_AGGRESSIVE;
				CLANG_CXX_LANGUAGE_STANDARD = "gnu++20";
				CLANG_ENABLE_MODULES = YES;
				CLANG_ENABLE_OBJC_ARC = YES;
				CLANG_ENABLE_OBJC_WEAK = YES;
				CLANG_WARN_BLOCK_CAPTURE_AUTORELEASING = YES;
				CLANG_WARN_BOOL_CONVERSION = YES;
				CLANG_WARN_COMMA = YES;
				CLANG_WARN_CONSTANT_CONVERSION = YES;
				CLANG_WARN_DEPRECATED_OBJC_IMPLEMENTATIONS = YES;
				CLANG_WARN_DIRECT_OBJC_ISA_USAGE = YES_ERROR;
				CLANG_WARN_DOCUMENTATION_COMMENTS = YES;
				CLANG_WARN_EMPTY_BODY = YES;
				CLANG_WARN_ENUM_CONVERSION = YES;
				CLANG_WARN_INFINITE_RECURSION = YES;
				CLANG_WARN_INT_CONVERSION = YES;
				CLANG_WARN_NON_LITERAL_NULL_CONVERSION = YES;
				CLANG_WARN_OBJC_IMPLICIT_RETAIN_SELF = YES;
				CLANG_WARN_OBJC_LITERAL_CONVERSION = YES;
				CLANG_WARN_OBJC_ROOT_CLASS = YES_ERROR;
				CLANG_WARN_QUOTED_INCLUDE_IN_FRAMEWORK_HEADER = YES;
				CLANG_WARN_RANGE_LOOP_ANALYSIS = YES;
				CLANG_WARN_STRICT_PROTOTYPES = YES;
				CLANG_WARN_SUSPICIOUS_MOVE = YES;
				CLANG_WARN_UNGUARDED_AVAILABILITY = YES_AGGRESSIVE;
				CLANG_WARN_UNREACHABLE_CODE = YES;
				CLANG_WARN__DUPLICATE_METHOD_MATCH = YES;
				COPY_PHASE_STRIP = NO;
				DEBUG_INFORMATION_FORMAT = "dwarf-with-dsym";
				ENABLE_NS_ASSERTIONS = NO;
				ENABLE_STRICT_OBJC_MSGSEND = YES;
				GCC_C_LANGUAGE_STANDARD = gnu11;
				GCC_NO_COMMON_BLOCKS = YES;
				GCC_WARN_64_TO_32_BIT_CONVERSION = YES;
				GCC_WARN_ABOUT_RETURN_TYPE = YES_ERROR;
				GCC_WARN_UNDECLARED_SELECTOR = YES;
				GCC_WARN_UNINITIALIZED_AUTOS = YES_AGGRESSIVE;
				GCC_WARN_UNUSED_FUNCTION = YES;
				GCC_WARN_UNUSED_VARIABLE = YES;
				IPHONEOS_DEPLOYMENT_TARGET = 16.0;
				MTL_ENABLE_DEBUG_INFO = NO;
				MTL_FAST_MATH = YES;
				SDKROOT = iphoneos;
				SWIFT_COMPILATION_MODE = wholemodule;
				SWIFT_OPTIMIZATION_LEVEL = "-O";
				VALIDATE_PRODUCT = YES;
			};
			name = Release;
		};
		9B963AC8298C04D500054414 /* Debug */ = {
			isa = XCBuildConfiguration;
			buildSettings = {
				ASSETCATALOG_COMPILER_APPICON_NAME = AppIcon;
				ASSETCATALOG_COMPILER_GLOBAL_ACCENT_COLOR_NAME = AccentColor;
				CODE_SIGN_STYLE = Automatic;
				CURRENT_PROJECT_VERSION = 1;
				DEVELOPMENT_TEAM = WC7W4GH5AD;
				GENERATE_INFOPLIST_FILE = YES;
				INFOPLIST_FILE = FastFruitIOS/Info.plist;
				INFOPLIST_KEY_UIApplicationSupportsIndirectInputEvents = YES;
				INFOPLIST_KEY_UILaunchStoryboardName = LaunchScreen;
				INFOPLIST_KEY_UIMainStoryboardFile = Main;
				INFOPLIST_KEY_UISupportedInterfaceOrientations_iPad = "UIInterfaceOrientationPortrait UIInterfaceOrientationPortraitUpsideDown UIInterfaceOrientationLandscapeLeft UIInterfaceOrientationLandscapeRight";
				INFOPLIST_KEY_UISupportedInterfaceOrientations_iPhone = "UIInterfaceOrientationPortrait UIInterfaceOrientationLandscapeLeft UIInterfaceOrientationLandscapeRight";
				LD_RUNPATH_SEARCH_PATHS = (
					"$(inherited)",
					"@executable_path/Frameworks",
				);
				MARKETING_VERSION = 1.0;
				PRODUCT_BUNDLE_IDENTIFIER = dgtic.unam.FastFruitIOS;
				PRODUCT_NAME = "$(TARGET_NAME)";
				SWIFT_EMIT_LOC_STRINGS = YES;
				SWIFT_VERSION = 5.0;
				TARGETED_DEVICE_FAMILY = "1,2";
			};
			name = Debug;
		};
		9B963AC9298C04D500054414 /* Release */ = {
			isa = XCBuildConfiguration;
			buildSettings = {
				ASSETCATALOG_COMPILER_APPICON_NAME = AppIcon;
				ASSETCATALOG_COMPILER_GLOBAL_ACCENT_COLOR_NAME = AccentColor;
				CODE_SIGN_STYLE = Automatic;
				CURRENT_PROJECT_VERSION = 1;
				DEVELOPMENT_TEAM = WC7W4GH5AD;
				GENERATE_INFOPLIST_FILE = YES;
				INFOPLIST_FILE = FastFruitIOS/Info.plist;
				INFOPLIST_KEY_UIApplicationSupportsIndirectInputEvents = YES;
				INFOPLIST_KEY_UILaunchStoryboardName = LaunchScreen;
				INFOPLIST_KEY_UIMainStoryboardFile = Main;
				INFOPLIST_KEY_UISupportedInterfaceOrientations_iPad = "UIInterfaceOrientationPortrait UIInterfaceOrientationPortraitUpsideDown UIInterfaceOrientationLandscapeLeft UIInterfaceOrientationLandscapeRight";
				INFOPLIST_KEY_UISupportedInterfaceOrientations_iPhone = "UIInterfaceOrientationPortrait UIInterfaceOrientationLandscapeLeft UIInterfaceOrientationLandscapeRight";
				LD_RUNPATH_SEARCH_PATHS = (
					"$(inherited)",
					"@executable_path/Frameworks",
				);
				MARKETING_VERSION = 1.0;
				PRODUCT_BUNDLE_IDENTIFIER = dgtic.unam.FastFruitIOS;
				PRODUCT_NAME = "$(TARGET_NAME)";
				SWIFT_EMIT_LOC_STRINGS = YES;
				SWIFT_VERSION = 5.0;
				TARGETED_DEVICE_FAMILY = "1,2";
			};
			name = Release;
		};
/* End XCBuildConfiguration section */

/* Begin XCConfigurationList section */
		9B963AAB298C04D300054414 /* Build configuration list for PBXProject "FastFruitIOS" */ = {
			isa = XCConfigurationList;
			buildConfigurations = (
				9B963AC5298C04D500054414 /* Debug */,
				9B963AC6298C04D500054414 /* Release */,
			);
			defaultConfigurationIsVisible = 0;
			defaultConfigurationName = Release;
		};
		9B963AC7298C04D500054414 /* Build configuration list for PBXNativeTarget "FastFruitIOS" */ = {
			isa = XCConfigurationList;
			buildConfigurations = (
				9B963AC8298C04D500054414 /* Debug */,
				9B963AC9298C04D500054414 /* Release */,
			);
			defaultConfigurationIsVisible = 0;
			defaultConfigurationName = Release;
		};
/* End XCConfigurationList section */
	};
	rootObject = 9B963AA8298C04D300054414 /* Project object */;
}
